
Microsoft Visual Studio Solution File, Format Version 12.00
# Visual Studio Version 17
VisualStudioVersion = 17.9.34622.214
MinimumVisualStudioVersion = 10.0.40219.1
Project("{FAE04EC0-301F-11D3-BF4B-00C04F79EFBC}") = "MathQuiz", "MathQuiz.csproj", "{B66B6768-0C82-4B91-B2B4-128B817AEA93}"
EndProject
Global
	GlobalSection(SolutionConfigurationPlatforms) = preSolution
		Debug|Any CPU = Debug|Any CPU
		Release|Any CPU = Release|Any CPU
	EndGlobalSection
	GlobalSection(ProjectConfigurationPlatforms) = postSolution
		{B66B6768-0C82-4B91-B2B4-128B817AEA93}.Debug|Any CPU.ActiveCfg = Debug|Any CPU
		{B66B6768-0C82-4B91-B2B4-128B817AEA93}.Debug|Any CPU.Build.0 = Debug|Any CPU
		{B66B6768-0C82-4B91-B2B4-128B817AEA93}.Release|Any CPU.ActiveCfg = Release|Any CPU
		{B66B6768-0C82-4B91-B2B4-128B817AEA93}.Release|Any CPU.Build.0 = Release|Any CPU
	EndGlobalSection
	GlobalSection(SolutionProperties) = preSolution
		HideSolutionNode = FALSE
	EndGlobalSection
	GlobalSection(ExtensibilityGlobals) = postSolution
		SolutionGuid = {9E7CFAEF-3E59-487B-97D5-B7DB2D4A9BF6}
	EndGlobalSection
EndGlobal
